
Microsoft Visual Studio Solution File, Format Version 12.00
# Visual Studio Version 17
VisualStudioVersion = 17.9.34723.18
MinimumVisualStudioVersion = 10.0.40219.1
Project("{FAE04EC0-301F-11D3-BF4B-00C04F79EFBC}") = "Entities", "Entities\Entities.csproj", "{E1C39F20-33D0-4282-BBC5-7A75568FF0DA}"
EndProject
Project("{2150E333-8FDC-42A3-9474-1A3956D46DE8}") = "1 - Apresentação", "1 - Apresentação", "{7D2988AA-6808-4397-8D89-67594D2B2810}"
EndProject
Project("{2150E333-8FDC-42A3-9474-1A3956D46DE8}") = "2 - Dominio", "2 - Dominio", "{D741C7EA-1873-499C-8126-62B367FA7AB0}"
EndProject
Project("{2150E333-8FDC-42A3-9474-1A3956D46DE8}") = "3 - InfraEstrutura", "3 - InfraEstrutura", "{FF38C099-1B42-4375-9948-C6FA74F746BE}"
EndProject
Project("{2150E333-8FDC-42A3-9474-1A3956D46DE8}") = "4 - Entidades", "4 - Entidades", "{A9EFC58F-5327-47A0-86DE-C91A2DB84403}"
EndProject
Project("{2150E333-8FDC-42A3-9474-1A3956D46DE8}") = "5 - Helpers", "5 - Helpers", "{FFC376BE-1A50-49A0-A1C3-0A503D84071F}"
EndProject
Project("{FAE04EC0-301F-11D3-BF4B-00C04F79EFBC}") = "Helpers", "Helpers\Helpers.csproj", "{7F4175BE-0FA5-4E8D-A419-AA638E538F0C}"
EndProject
Project("{FAE04EC0-301F-11D3-BF4B-00C04F79EFBC}") = "Infra", "Infra\Infra.csproj", "{22FB777B-9CE2-4E9C-B206-EDF793935F70}"
EndProject
Project("{FAE04EC0-301F-11D3-BF4B-00C04F79EFBC}") = "Domain", "Domain\Domain.csproj", "{3CC57C10-B016-4806-9DFC-11DE09F63AE5}"
EndProject
Project("{FAE04EC0-301F-11D3-BF4B-00C04F79EFBC}") = "WebApi", "WebApi\WebApi.csproj", "{D945FD5C-7174-474A-A694-FB363D13977D}"
EndProject
Global
	GlobalSection(SolutionConfigurationPlatforms) = preSolution
		Debug|Any CPU = Debug|Any CPU
		Release|Any CPU = Release|Any CPU
	EndGlobalSection
	GlobalSection(ProjectConfigurationPlatforms) = postSolution
		{E1C39F20-33D0-4282-BBC5-7A75568FF0DA}.Debug|Any CPU.ActiveCfg = Debug|Any CPU
		{E1C39F20-33D0-4282-BBC5-7A75568FF0DA}.Debug|Any CPU.Build.0 = Debug|Any CPU
		{E1C39F20-33D0-4282-BBC5-7A75568FF0DA}.Release|Any CPU.ActiveCfg = Release|Any CPU
		{E1C39F20-33D0-4282-BBC5-7A75568FF0DA}.Release|Any CPU.Build.0 = Release|Any CPU
		{7F4175BE-0FA5-4E8D-A419-AA638E538F0C}.Debug|Any CPU.ActiveCfg = Debug|Any CPU
		{7F4175BE-0FA5-4E8D-A419-AA638E538F0C}.Debug|Any CPU.Build.0 = Debug|Any CPU
		{7F4175BE-0FA5-4E8D-A419-AA638E538F0C}.Release|Any CPU.ActiveCfg = Release|Any CPU
		{7F4175BE-0FA5-4E8D-A419-AA638E538F0C}.Release|Any CPU.Build.0 = Release|Any CPU
		{22FB777B-9CE2-4E9C-B206-EDF793935F70}.Debug|Any CPU.ActiveCfg = Debug|Any CPU
		{22FB777B-9CE2-4E9C-B206-EDF793935F70}.Debug|Any CPU.Build.0 = Debug|Any CPU
		{22FB777B-9CE2-4E9C-B206-EDF793935F70}.Release|Any CPU.ActiveCfg = Release|Any CPU
		{22FB777B-9CE2-4E9C-B206-EDF793935F70}.Release|Any CPU.Build.0 = Release|Any CPU
		{3CC57C10-B016-4806-9DFC-11DE09F63AE5}.Debug|Any CPU.ActiveCfg = Debug|Any CPU
		{3CC57C10-B016-4806-9DFC-11DE09F63AE5}.Debug|Any CPU.Build.0 = Debug|Any CPU
		{3CC57C10-B016-4806-9DFC-11DE09F63AE5}.Release|Any CPU.ActiveCfg = Release|Any CPU
		{3CC57C10-B016-4806-9DFC-11DE09F63AE5}.Release|Any CPU.Build.0 = Release|Any CPU
		{D945FD5C-7174-474A-A694-FB363D13977D}.Debug|Any CPU.ActiveCfg = Debug|Any CPU
		{D945FD5C-7174-474A-A694-FB363D13977D}.Debug|Any CPU.Build.0 = Debug|Any CPU
		{D945FD5C-7174-474A-A694-FB363D13977D}.Release|Any CPU.ActiveCfg = Release|Any CPU
		{D945FD5C-7174-474A-A694-FB363D13977D}.Release|Any CPU.Build.0 = Release|Any CPU
	EndGlobalSection
	GlobalSection(SolutionProperties) = preSolution
		HideSolutionNode = FALSE
	EndGlobalSection
	GlobalSection(NestedProjects) = preSolution
		{E1C39F20-33D0-4282-BBC5-7A75568FF0DA} = {A9EFC58F-5327-47A0-86DE-C91A2DB84403}
		{7F4175BE-0FA5-4E8D-A419-AA638E538F0C} = {FFC376BE-1A50-49A0-A1C3-0A503D84071F}
		{22FB777B-9CE2-4E9C-B206-EDF793935F70} = {FF38C099-1B42-4375-9948-C6FA74F746BE}
		{3CC57C10-B016-4806-9DFC-11DE09F63AE5} = {D741C7EA-1873-499C-8126-62B367FA7AB0}
		{D945FD5C-7174-474A-A694-FB363D13977D} = {7D2988AA-6808-4397-8D89-67594D2B2810}
	EndGlobalSection
	GlobalSection(ExtensibilityGlobals) = postSolution
		SolutionGuid = {F1667165-6A07-4DD6-B147-B3E8F4B83A0F}
	EndGlobalSection
EndGlobal
